
Microsoft Visual Studio Solution File, Format Version 12.00
# Visual Studio 15
VisualStudioVersion = 15.0.28307.421
MinimumVisualStudioVersion = 10.0.40219.1
Project("{FAE04EC0-301F-11D3-BF4B-00C04F79EFBC}") = "CustomerInquiry", "CustomerInquiry\CustomerInquiry.csproj", "{E657A57F-151A-48B2-8719-7C5801CA37E1}"
EndProject
Project("{FAE04EC0-301F-11D3-BF4B-00C04F79EFBC}") = "CustomerInquiry.Tests", "CustomerInquiry.Tests\CustomerInquiry.Tests.csproj", "{81441395-1E79-4E76-99B4-FBDBCBFB290A}"
EndProject
Global
	GlobalSection(SolutionConfigurationPlatforms) = preSolution
		Debug|Any CPU = Debug|Any CPU
		Release|Any CPU = Release|Any CPU
	EndGlobalSection
	GlobalSection(ProjectConfigurationPlatforms) = postSolution
		{E657A57F-151A-48B2-8719-7C5801CA37E1}.Debug|Any CPU.ActiveCfg = Debug|Any CPU
		{E657A57F-151A-48B2-8719-7C5801CA37E1}.Debug|Any CPU.Build.0 = Debug|Any CPU
		{E657A57F-151A-48B2-8719-7C5801CA37E1}.Release|Any CPU.ActiveCfg = Release|Any CPU
		{E657A57F-151A-48B2-8719-7C5801CA37E1}.Release|Any CPU.Build.0 = Release|Any CPU
		{81441395-1E79-4E76-99B4-FBDBCBFB290A}.Debug|Any CPU.ActiveCfg = Debug|Any CPU
		{81441395-1E79-4E76-99B4-FBDBCBFB290A}.Debug|Any CPU.Build.0 = Debug|Any CPU
		{81441395-1E79-4E76-99B4-FBDBCBFB290A}.Release|Any CPU.ActiveCfg = Release|Any CPU
		{81441395-1E79-4E76-99B4-FBDBCBFB290A}.Release|Any CPU.Build.0 = Release|Any CPU
	EndGlobalSection
	GlobalSection(SolutionProperties) = preSolution
		HideSolutionNode = FALSE
	EndGlobalSection
	GlobalSection(ExtensibilityGlobals) = postSolution
		SolutionGuid = {D5AD98EA-AC28-4027-904C-0DB51FE819D6}
	EndGlobalSection
EndGlobal
